
Microsoft Visual Studio Solution File, Format Version 12.00
# Visual Studio 15
Project("{FAE04EC0-301F-11D3-BF4B-00C04F79EFBC}") = "Assembly-CSharp", "Assembly-CSharp.csproj", "{B15D02D8-677A-E5CA-A6E8-8ED9174A7A18}"
EndProject
Project("{FAE04EC0-301F-11D3-BF4B-00C04F79EFBC}") = "Unity.2D.Tilemap.Extras", "Unity.2D.Tilemap.Extras.csproj", "{B852202B-6955-488B-E03C-98DD20F07E25}"
EndProject
Project("{FAE04EC0-301F-11D3-BF4B-00C04F79EFBC}") = "Unity.2D.Tilemap.Extras.Editor", "Unity.2D.Tilemap.Extras.Editor.csproj", "{7CCFF527-47E5-6785-67C6-09D5757D7FD4}"
EndProject
Project("{FAE04EC0-301F-11D3-BF4B-00C04F79EFBC}") = "Assembly-CSharp-Editor", "Assembly-CSharp-Editor.csproj", "{CAF16D35-3F03-3029-51AA-A18E33767278}"
EndProject
Global
	GlobalSection(SolutionConfigurationPlatforms) = preSolution
		Debug|Any CPU = Debug|Any CPU
		Release|Any CPU = Release|Any CPU
	EndGlobalSection
	GlobalSection(ProjectConfigurationPlatforms) = postSolution
		{B15D02D8-677A-E5CA-A6E8-8ED9174A7A18}.Debug|Any CPU.ActiveCfg = Debug|Any CPU
		{B15D02D8-677A-E5CA-A6E8-8ED9174A7A18}.Debug|Any CPU.Build.0 = Debug|Any CPU
		{B15D02D8-677A-E5CA-A6E8-8ED9174A7A18}.Release|Any CPU.ActiveCfg = Release|Any CPU
		{B15D02D8-677A-E5CA-A6E8-8ED9174A7A18}.Release|Any CPU.Build.0 = Release|Any CPU
		{B852202B-6955-488B-E03C-98DD20F07E25}.Debug|Any CPU.ActiveCfg = Debug|Any CPU
		{B852202B-6955-488B-E03C-98DD20F07E25}.Debug|Any CPU.Build.0 = Debug|Any CPU
		{B852202B-6955-488B-E03C-98DD20F07E25}.Release|Any CPU.ActiveCfg = Release|Any CPU
		{B852202B-6955-488B-E03C-98DD20F07E25}.Release|Any CPU.Build.0 = Release|Any CPU
		{7CCFF527-47E5-6785-67C6-09D5757D7FD4}.Debug|Any CPU.ActiveCfg = Debug|Any CPU
		{7CCFF527-47E5-6785-67C6-09D5757D7FD4}.Debug|Any CPU.Build.0 = Debug|Any CPU
		{7CCFF527-47E5-6785-67C6-09D5757D7FD4}.Release|Any CPU.ActiveCfg = Release|Any CPU
		{7CCFF527-47E5-6785-67C6-09D5757D7FD4}.Release|Any CPU.Build.0 = Release|Any CPU
		{CAF16D35-3F03-3029-51AA-A18E33767278}.Debug|Any CPU.ActiveCfg = Debug|Any CPU
		{CAF16D35-3F03-3029-51AA-A18E33767278}.Debug|Any CPU.Build.0 = Debug|Any CPU
		{CAF16D35-3F03-3029-51AA-A18E33767278}.Release|Any CPU.ActiveCfg = Release|Any CPU
		{CAF16D35-3F03-3029-51AA-A18E33767278}.Release|Any CPU.Build.0 = Release|Any CPU
	EndGlobalSection
	GlobalSection(SolutionProperties) = preSolution
		HideSolutionNode = FALSE
	EndGlobalSection
EndGlobal
